
Microsoft Visual Studio Solution File, Format Version 12.00
# Visual Studio 15
VisualStudioVersion = 15.0.28307.1062
MinimumVisualStudioVersion = 10.0.40219.1
Project("{FAE04EC0-301F-11D3-BF4B-00C04F79EFBC}") = "ConsoleApp1", "ConsoleApp1\ConsoleApp1.csproj", "{BEF3F4DE-6EE7-474C-8D74-E85420C33585}"
EndProject
Project("{FAE04EC0-301F-11D3-BF4B-00C04F79EFBC}") = "ConsoleApp1Tests", "ConsoleApp1Tests\ConsoleApp1Tests.csproj", "{26713426-7291-4C05-8281-6D2DB037ED26}"
EndProject
Global
	GlobalSection(SolutionConfigurationPlatforms) = preSolution
		Debug|Any CPU = Debug|Any CPU
		Release|Any CPU = Release|Any CPU
	EndGlobalSection
	GlobalSection(ProjectConfigurationPlatforms) = postSolution
		{BEF3F4DE-6EE7-474C-8D74-E85420C33585}.Debug|Any CPU.ActiveCfg = Debug|Any CPU
		{BEF3F4DE-6EE7-474C-8D74-E85420C33585}.Debug|Any CPU.Build.0 = Debug|Any CPU
		{BEF3F4DE-6EE7-474C-8D74-E85420C33585}.Release|Any CPU.ActiveCfg = Release|Any CPU
		{BEF3F4DE-6EE7-474C-8D74-E85420C33585}.Release|Any CPU.Build.0 = Release|Any CPU
		{26713426-7291-4C05-8281-6D2DB037ED26}.Debug|Any CPU.ActiveCfg = Debug|Any CPU
		{26713426-7291-4C05-8281-6D2DB037ED26}.Debug|Any CPU.Build.0 = Debug|Any CPU
		{26713426-7291-4C05-8281-6D2DB037ED26}.Release|Any CPU.ActiveCfg = Release|Any CPU
		{26713426-7291-4C05-8281-6D2DB037ED26}.Release|Any CPU.Build.0 = Release|Any CPU
	EndGlobalSection
	GlobalSection(SolutionProperties) = preSolution
		HideSolutionNode = FALSE
	EndGlobalSection
	GlobalSection(ExtensibilityGlobals) = postSolution
		SolutionGuid = {7530CDA1-ADBE-40BE-9C3F-0E77B4C81BBC}
	EndGlobalSection
EndGlobal
