
Microsoft Visual Studio Solution File, Format Version 12.00
# Visual Studio 15
VisualStudioVersion = 15.0.28307.1062
MinimumVisualStudioVersion = 10.0.40219.1
Project("{FAE04EC0-301F-11D3-BF4B-00C04F79EFBC}") = "ConsoleApp3", "ConsoleApp3\ConsoleApp3.csproj", "{1A73ED0B-0DEF-490F-B1EB-23D79EA64FA4}"
EndProject
Global
	GlobalSection(SolutionConfigurationPlatforms) = preSolution
		Debug|Any CPU = Debug|Any CPU
		Release|Any CPU = Release|Any CPU
	EndGlobalSection
	GlobalSection(ProjectConfigurationPlatforms) = postSolution
		{1A73ED0B-0DEF-490F-B1EB-23D79EA64FA4}.Debug|Any CPU.ActiveCfg = Debug|Any CPU
		{1A73ED0B-0DEF-490F-B1EB-23D79EA64FA4}.Debug|Any CPU.Build.0 = Debug|Any CPU
		{1A73ED0B-0DEF-490F-B1EB-23D79EA64FA4}.Release|Any CPU.ActiveCfg = Release|Any CPU
		{1A73ED0B-0DEF-490F-B1EB-23D79EA64FA4}.Release|Any CPU.Build.0 = Release|Any CPU
	EndGlobalSection
	GlobalSection(SolutionProperties) = preSolution
		HideSolutionNode = FALSE
	EndGlobalSection
	GlobalSection(ExtensibilityGlobals) = postSolution
		SolutionGuid = {791F7A0A-7919-467B-A676-6860919FAC6D}
	EndGlobalSection
EndGlobal
